
Microsoft Visual Studio Solution File, Format Version 12.00
# Visual Studio Version 17
VisualStudioVersion = 17.0.31903.59
MinimumVisualStudioVersion = 10.0.40219.1
Project("{2150E333-8FDC-42A3-9474-1A3956D46DE8}") = "src", "src", "{826FEBA7-F1EA-47BC-86F3-DD338D06AFF1}"
EndProject
Project("{FAE04EC0-301F-11D3-BF4B-00C04F79EFBC}") = "Iskra.Core", "src\Iskra.Core\Iskra.Core.csproj", "{75828952-0329-4D3F-9953-793EBBA9F03D}"
EndProject
Project("{FAE04EC0-301F-11D3-BF4B-00C04F79EFBC}") = "Iskra.Application", "src\Iskra.Application\Iskra.Application.csproj", "{D902A6AC-30ED-4EBF-BDF1-0A3375C2F2A4}"
EndProject
Project("{FAE04EC0-301F-11D3-BF4B-00C04F79EFBC}") = "Iskra.Cli", "src\Iskra.Cli\Iskra.Cli.csproj", "{88DEBDA5-7AAE-4527-A0B5-77EE6A316836}"
EndProject
Project("{2150E333-8FDC-42A3-9474-1A3956D46DE8}") = "tests", "tests", "{F9E0255F-1EFA-4839-A3F2-48203C871575}"
EndProject
Project("{FAE04EC0-301F-11D3-BF4B-00C04F79EFBC}") = "Iskra.Core.Tests", "tests\Iskra.Core.Tests\Iskra.Core.Tests.csproj", "{8325F602-7D5D-4BE9-B8DA-B854EE7FB23B}"
EndProject
Project("{FAE04EC0-301F-11D3-BF4B-00C04F79EFBC}") = "Iskra.Application.Tests", "tests\Iskra.Application.Tests\Iskra.Application.Tests.csproj", "{0FB4793B-A87E-4F2E-99F0-36670EBEF4CB}"
EndProject
Project("{FAE04EC0-301F-11D3-BF4B-00C04F79EFBC}") = "Iskra.Wpf", "src\Iskra.Wpf\Iskra.Wpf.csproj", "{9D4CC095-231D-4932-BCCC-6B4A518E7351}"
EndProject
Project("{FAE04EC0-301F-11D3-BF4B-00C04F79EFBC}") = "Iskra.Desktop", "src\Iskra.Desktop\Iskra.Desktop.csproj", "{A2E7A3E5-B811-4C84-85E0-6A7CDBE30C9F}"
EndProject
Global
	GlobalSection(SolutionConfigurationPlatforms) = preSolution
		Debug|Any CPU = Debug|Any CPU
		Release|Any CPU = Release|Any CPU
	EndGlobalSection
	GlobalSection(SolutionProperties) = preSolution
		HideSolutionNode = FALSE
	EndGlobalSection
	GlobalSection(ProjectConfigurationPlatforms) = postSolution
		{75828952-0329-4D3F-9953-793EBBA9F03D}.Debug|Any CPU.ActiveCfg = Debug|Any CPU
		{75828952-0329-4D3F-9953-793EBBA9F03D}.Debug|Any CPU.Build.0 = Debug|Any CPU
		{75828952-0329-4D3F-9953-793EBBA9F03D}.Release|Any CPU.ActiveCfg = Release|Any CPU
		{75828952-0329-4D3F-9953-793EBBA9F03D}.Release|Any CPU.Build.0 = Release|Any CPU
		{D902A6AC-30ED-4EBF-BDF1-0A3375C2F2A4}.Debug|Any CPU.ActiveCfg = Debug|Any CPU
		{D902A6AC-30ED-4EBF-BDF1-0A3375C2F2A4}.Debug|Any CPU.Build.0 = Debug|Any CPU
		{D902A6AC-30ED-4EBF-BDF1-0A3375C2F2A4}.Release|Any CPU.ActiveCfg = Release|Any CPU
		{D902A6AC-30ED-4EBF-BDF1-0A3375C2F2A4}.Release|Any CPU.Build.0 = Release|Any CPU
		{88DEBDA5-7AAE-4527-A0B5-77EE6A316836}.Debug|Any CPU.ActiveCfg = Debug|Any CPU
		{88DEBDA5-7AAE-4527-A0B5-77EE6A316836}.Debug|Any CPU.Build.0 = Debug|Any CPU
		{88DEBDA5-7AAE-4527-A0B5-77EE6A316836}.Release|Any CPU.ActiveCfg = Release|Any CPU
		{88DEBDA5-7AAE-4527-A0B5-77EE6A316836}.Release|Any CPU.Build.0 = Release|Any CPU
		{8325F602-7D5D-4BE9-B8DA-B854EE7FB23B}.Debug|Any CPU.ActiveCfg = Debug|Any CPU
		{8325F602-7D5D-4BE9-B8DA-B854EE7FB23B}.Debug|Any CPU.Build.0 = Debug|Any CPU
		{8325F602-7D5D-4BE9-B8DA-B854EE7FB23B}.Release|Any CPU.ActiveCfg = Release|Any CPU
		{8325F602-7D5D-4BE9-B8DA-B854EE7FB23B}.Release|Any CPU.Build.0 = Release|Any CPU
		{0FB4793B-A87E-4F2E-99F0-36670EBEF4CB}.Debug|Any CPU.ActiveCfg = Debug|Any CPU
		{0FB4793B-A87E-4F2E-99F0-36670EBEF4CB}.Debug|Any CPU.Build.0 = Debug|Any CPU
		{0FB4793B-A87E-4F2E-99F0-36670EBEF4CB}.Release|Any CPU.ActiveCfg = Release|Any CPU
		{0FB4793B-A87E-4F2E-99F0-36670EBEF4CB}.Release|Any CPU.Build.0 = Release|Any CPU
		{9D4CC095-231D-4932-BCCC-6B4A518E7351}.Debug|Any CPU.ActiveCfg = Debug|Any CPU
		{9D4CC095-231D-4932-BCCC-6B4A518E7351}.Debug|Any CPU.Build.0 = Debug|Any CPU
		{9D4CC095-231D-4932-BCCC-6B4A518E7351}.Release|Any CPU.ActiveCfg = Release|Any CPU
		{9D4CC095-231D-4932-BCCC-6B4A518E7351}.Release|Any CPU.Build.0 = Release|Any CPU
		{A2E7A3E5-B811-4C84-85E0-6A7CDBE30C9F}.Debug|Any CPU.ActiveCfg = Debug|Any CPU
		{A2E7A3E5-B811-4C84-85E0-6A7CDBE30C9F}.Debug|Any CPU.Build.0 = Debug|Any CPU
		{A2E7A3E5-B811-4C84-85E0-6A7CDBE30C9F}.Release|Any CPU.ActiveCfg = Release|Any CPU
		{A2E7A3E5-B811-4C84-85E0-6A7CDBE30C9F}.Release|Any CPU.Build.0 = Release|Any CPU
	EndGlobalSection
	GlobalSection(NestedProjects) = preSolution
		{75828952-0329-4D3F-9953-793EBBA9F03D} = {826FEBA7-F1EA-47BC-86F3-DD338D06AFF1}
		{D902A6AC-30ED-4EBF-BDF1-0A3375C2F2A4} = {826FEBA7-F1EA-47BC-86F3-DD338D06AFF1}
		{88DEBDA5-7AAE-4527-A0B5-77EE6A316836} = {826FEBA7-F1EA-47BC-86F3-DD338D06AFF1}
		{8325F602-7D5D-4BE9-B8DA-B854EE7FB23B} = {F9E0255F-1EFA-4839-A3F2-48203C871575}
		{0FB4793B-A87E-4F2E-99F0-36670EBEF4CB} = {F9E0255F-1EFA-4839-A3F2-48203C871575}
		{9D4CC095-231D-4932-BCCC-6B4A518E7351} = {826FEBA7-F1EA-47BC-86F3-DD338D06AFF1}
		{A2E7A3E5-B811-4C84-85E0-6A7CDBE30C9F} = {826FEBA7-F1EA-47BC-86F3-DD338D06AFF1}
	EndGlobalSection
EndGlobal
