{
  "version": 1,
  "dependencies": {
    "net8.0": {
      "BouncyCastle.Cryptography": {
        "type": "Direct",
        "requested": "[2.4.0, )",
        "resolved": "2.4.0",
        "contentHash": "SwXsAV3sMvAU/Nn31pbjhWurYSjJ+/giI/0n6tCrYoupEK34iIHCuk3STAd9fx8yudM85KkLSVdn951vTng/vQ=="
      },
      "Microsoft.Data.Sqlite": {
        "type": "Direct",
        "requested": "[8.0.28, )",
        "resolved": "8.0.28",
        "contentHash": "YM522Q363v0GBq/3xpjWvUALurnwxDoAhhihlYoWhkBQ98XHQxZf01IOwLiUaWFl3PL45PLa4Wbm3FqyijMZGg==",
        "dependencies": {
          "Microsoft.Data.Sqlite.Core": "8.0.28",
          "SQLitePCLRaw.bundle_e_sqlite3": "2.1.6"
        }
      },
      "Microsoft.Win32.Registry": {
        "type": "Direct",
        "requested": "[5.0.0, )",
        "resolved": "5.0.0",
        "contentHash": "dDoKi0PnDz31yAyETfRntsLArTlVAVzUzCIvvEDsDsucrl33Dl8pIJG06ePTJTI3tGpeyHS9Cq7Foc/s4EeKcg==",
        "dependencies": {
          "System.Security.AccessControl": "5.0.0",
          "System.Security.Principal.Windows": "5.0.0"
        }
      },
      "SQLitePCLRaw.bundle_e_sqlite3": {
        "type": "Direct",
        "requested": "[3.0.3, )",
        "resolved": "3.0.3",
        "contentHash": "Zt8jmSL5zcDWGk8rmzhWBJ6IRyLWh1yWS04Pg72+GIvo3Ba4E/rG4Y/4l7AWlSEogEbzyKRTCXUAs1v/O7Pkkg==",
        "dependencies": {
          "SQLitePCLRaw.config.e_sqlite3": "3.0.3",
          "SourceGear.sqlite3": "3.50.4.5"
        }
      },
      "System.Security.Cryptography.ProtectedData": {
        "type": "Direct",
        "requested": "[8.0.0, )",
        "resolved": "8.0.0",
        "contentHash": "+TUFINV2q2ifyXauQXRwy4CiBhqvDEDZeVJU7qfxya4aRYOKzVBpN+4acx25VcPB9ywUN6C0n8drWl110PhZEg=="
      },
      "Microsoft.Data.Sqlite.Core": {
        "type": "Transitive",
        "resolved": "8.0.28",
        "contentHash": "tBFB6FTHmKPpNpZbm79asyQ5A84QR81u1co4S3TQMqaN/e8eQHtc7rEZQclWy5HliLzxXz7yEnktKJRa7gQZyw==",
        "dependencies": {
          "SQLitePCLRaw.core": "2.1.6"
        }
      },
      "Microsoft.NETCore.Platforms": {
        "type": "Transitive",
        "resolved": "5.0.0",
        "contentHash": "VyPlqzH2wavqquTcYpkIIAQ6WdenuKoFN0BdYBbCWsclXacSOHNQn66Gt4z5NBqEYW0FAPm5rlvki9ZiCij5xQ=="
      },
      "SourceGear.sqlite3": {
        "type": "Transitive",
        "resolved": "3.50.4.5",
        "contentHash": "UtnipXhJYZKQOQIfpws/msLK7IRhMplE1CZCaZLIQXRnGD474QVpO/J9nMlQQY8NZueGz1aidjoxDRnrC1NT3Q=="
      },
      "SQLitePCLRaw.config.e_sqlite3": {
        "type": "Transitive",
        "resolved": "3.0.3",
        "contentHash": "caP/ap0X2fyVmstCXu5ueOmcr2XWAxA2XyKghV7H4bOAFmq3nWcsGl9q44iY1HYG+i8Qr4G9XEqdfti0rV6/ZQ==",
        "dependencies": {
          "SQLitePCLRaw.provider.e_sqlite3": "3.0.3"
        }
      },
      "SQLitePCLRaw.core": {
        "type": "Transitive",
        "resolved": "3.0.3",
        "contentHash": "bjm6FY4lZyP+t7GmiuvSM0QXpFihAvyE0Y9O2yibm3g95AAWJPNnHOKVNJGyPTGIKuK7Pr4Wh8Rd8/aOtAclQw=="
      },
      "SQLitePCLRaw.provider.e_sqlite3": {
        "type": "Transitive",
        "resolved": "3.0.3",
        "contentHash": "wd+fGvZTrr3BJNe48opSczmC176Okd61ZgoZNQcdvZwkek6to978ccdpcFmNo5GHxCnk29KwT+f+lAZYgfLVZg==",
        "dependencies": {
          "SQLitePCLRaw.core": "3.0.3"
        }
      },
      "System.Security.AccessControl": {
        "type": "Transitive",
        "resolved": "5.0.0",
        "contentHash": "dagJ1mHZO3Ani8GH0PHpPEe/oYO+rVdbQjvjJkBRNQkX4t0r1iaeGn8+/ybkSLEan3/slM0t59SVdHzuHf2jmw==",
        "dependencies": {
          "Microsoft.NETCore.Platforms": "5.0.0",
          "System.Security.Principal.Windows": "5.0.0"
        }
      },
      "System.Security.Principal.Windows": {
        "type": "Transitive",
        "resolved": "5.0.0",
        "contentHash": "t0MGLukB5WAVU9bO3MGzvlGnyJPgUlcwerXn1kzBRjwLKixT96XV0Uza41W49gVd8zEMFu9vQEFlv0IOrytICA=="
      }
    },
    "net8.0/linux-x64": {
      "Microsoft.Win32.Registry": {
        "type": "Direct",
        "requested": "[5.0.0, )",
        "resolved": "5.0.0",
        "contentHash": "dDoKi0PnDz31yAyETfRntsLArTlVAVzUzCIvvEDsDsucrl33Dl8pIJG06ePTJTI3tGpeyHS9Cq7Foc/s4EeKcg==",
        "dependencies": {
          "System.Security.AccessControl": "5.0.0",
          "System.Security.Principal.Windows": "5.0.0"
        }
      },
      "SourceGear.sqlite3": {
        "type": "Transitive",
        "resolved": "3.50.4.5",
        "contentHash": "UtnipXhJYZKQOQIfpws/msLK7IRhMplE1CZCaZLIQXRnGD474QVpO/J9nMlQQY8NZueGz1aidjoxDRnrC1NT3Q=="
      },
      "System.Security.AccessControl": {
        "type": "Transitive",
        "resolved": "5.0.0",
        "contentHash": "dagJ1mHZO3Ani8GH0PHpPEe/oYO+rVdbQjvjJkBRNQkX4t0r1iaeGn8+/ybkSLEan3/slM0t59SVdHzuHf2jmw==",
        "dependencies": {
          "Microsoft.NETCore.Platforms": "5.0.0",
          "System.Security.Principal.Windows": "5.0.0"
        }
      },
      "System.Security.Principal.Windows": {
        "type": "Transitive",
        "resolved": "5.0.0",
        "contentHash": "t0MGLukB5WAVU9bO3MGzvlGnyJPgUlcwerXn1kzBRjwLKixT96XV0Uza41W49gVd8zEMFu9vQEFlv0IOrytICA=="
      }
    },
    "net8.0/osx-arm64": {
      "Microsoft.Win32.Registry": {
        "type": "Direct",
        "requested": "[5.0.0, )",
        "resolved": "5.0.0",
        "contentHash": "dDoKi0PnDz31yAyETfRntsLArTlVAVzUzCIvvEDsDsucrl33Dl8pIJG06ePTJTI3tGpeyHS9Cq7Foc/s4EeKcg==",
        "dependencies": {
          "System.Security.AccessControl": "5.0.0",
          "System.Security.Principal.Windows": "5.0.0"
        }
      },
      "SourceGear.sqlite3": {
        "type": "Transitive",
        "resolved": "3.50.4.5",
        "contentHash": "UtnipXhJYZKQOQIfpws/msLK7IRhMplE1CZCaZLIQXRnGD474QVpO/J9nMlQQY8NZueGz1aidjoxDRnrC1NT3Q=="
      },
      "System.Security.AccessControl": {
        "type": "Transitive",
        "resolved": "5.0.0",
        "contentHash": "dagJ1mHZO3Ani8GH0PHpPEe/oYO+rVdbQjvjJkBRNQkX4t0r1iaeGn8+/ybkSLEan3/slM0t59SVdHzuHf2jmw==",
        "dependencies": {
          "Microsoft.NETCore.Platforms": "5.0.0",
          "System.Security.Principal.Windows": "5.0.0"
        }
      },
      "System.Security.Principal.Windows": {
        "type": "Transitive",
        "resolved": "5.0.0",
        "contentHash": "t0MGLukB5WAVU9bO3MGzvlGnyJPgUlcwerXn1kzBRjwLKixT96XV0Uza41W49gVd8zEMFu9vQEFlv0IOrytICA=="
      }
    },
    "net8.0/osx-x64": {
      "Microsoft.Win32.Registry": {
        "type": "Direct",
        "requested": "[5.0.0, )",
        "resolved": "5.0.0",
        "contentHash": "dDoKi0PnDz31yAyETfRntsLArTlVAVzUzCIvvEDsDsucrl33Dl8pIJG06ePTJTI3tGpeyHS9Cq7Foc/s4EeKcg==",
        "dependencies": {
          "System.Security.AccessControl": "5.0.0",
          "System.Security.Principal.Windows": "5.0.0"
        }
      },
      "SourceGear.sqlite3": {
        "type": "Transitive",
        "resolved": "3.50.4.5",
        "contentHash": "UtnipXhJYZKQOQIfpws/msLK7IRhMplE1CZCaZLIQXRnGD474QVpO/J9nMlQQY8NZueGz1aidjoxDRnrC1NT3Q=="
      },
      "System.Security.AccessControl": {
        "type": "Transitive",
        "resolved": "5.0.0",
        "contentHash": "dagJ1mHZO3Ani8GH0PHpPEe/oYO+rVdbQjvjJkBRNQkX4t0r1iaeGn8+/ybkSLEan3/slM0t59SVdHzuHf2jmw==",
        "dependencies": {
          "Microsoft.NETCore.Platforms": "5.0.0",
          "System.Security.Principal.Windows": "5.0.0"
        }
      },
      "System.Security.Principal.Windows": {
        "type": "Transitive",
        "resolved": "5.0.0",
        "contentHash": "t0MGLukB5WAVU9bO3MGzvlGnyJPgUlcwerXn1kzBRjwLKixT96XV0Uza41W49gVd8zEMFu9vQEFlv0IOrytICA=="
      }
    },
    "net8.0/win-x64": {
      "Microsoft.Win32.Registry": {
        "type": "Direct",
        "requested": "[5.0.0, )",
        "resolved": "5.0.0",
        "contentHash": "dDoKi0PnDz31yAyETfRntsLArTlVAVzUzCIvvEDsDsucrl33Dl8pIJG06ePTJTI3tGpeyHS9Cq7Foc/s4EeKcg==",
        "dependencies": {
          "System.Security.AccessControl": "5.0.0",
          "System.Security.Principal.Windows": "5.0.0"
        }
      },
      "SourceGear.sqlite3": {
        "type": "Transitive",
        "resolved": "3.50.4.5",
        "contentHash": "UtnipXhJYZKQOQIfpws/msLK7IRhMplE1CZCaZLIQXRnGD474QVpO/J9nMlQQY8NZueGz1aidjoxDRnrC1NT3Q=="
      },
      "System.Security.AccessControl": {
        "type": "Transitive",
        "resolved": "5.0.0",
        "contentHash": "dagJ1mHZO3Ani8GH0PHpPEe/oYO+rVdbQjvjJkBRNQkX4t0r1iaeGn8+/ybkSLEan3/slM0t59SVdHzuHf2jmw==",
        "dependencies": {
          "Microsoft.NETCore.Platforms": "5.0.0",
          "System.Security.Principal.Windows": "5.0.0"
        }
      },
      "System.Security.Principal.Windows": {
        "type": "Transitive",
        "resolved": "5.0.0",
        "contentHash": "t0MGLukB5WAVU9bO3MGzvlGnyJPgUlcwerXn1kzBRjwLKixT96XV0Uza41W49gVd8zEMFu9vQEFlv0IOrytICA=="
      }
    }
  }
}